// !$*UTF8*$!
{
	archiveVersion = 1;
	classes = {
	};
	objectVersion = 77;
	objects = {

/* Begin PBXContainerItemProxy section */
		9FB108CE2E9F0CEE002D9376 /* PBXContainerItemProxy */ = {
			isa = PBXContainerItemProxy;
			containerPortal = 9FB108B22E9F0CED002D9376 /* Project object */;
			proxyType = 1;
			remoteGlobalIDString = 9FB108B92E9F0CED002D9376;
			remoteInfo = "Cat-alogue";
		};
		9FB108D82E9F0CEE002D9376 /* PBXContainerItemProxy */ = {
			isa = PBXContainerItemProxy;
			containerPortal = 9FB108B22E9F0CED002D9376 /* Project object */;
			proxyType = 1;
			remoteGlobalIDString = 9FB108B92E9F0CED002D9376;
			remoteInfo = "Cat-alogue";
		};
/* End PBXContainerItemProxy section */

/* Begin PBXFileReference section */
		9FB108BA2E9F0CED002D9376 /* Cat-alogue.app */ = {isa = PBXFileReference; explicitFileType = wrapper.application; includeInIndex = 0; path = "Cat-alogue.app"; sourceTree = BUILT_PRODUCTS_DIR; };
		9FB108CD2E9F0CEE002D9376 /* Cat-alogueTests.xctest */ = {isa = PBXFileReference; explicitFileType = wrapper.cfbundle; includeInIndex = 0; path = "Cat-alogueTests.xctest"; sourceTree = BUILT_PRODUCTS_DIR; };
		9FB108D72E9F0CEE002D9376 /* Cat-alogueUITests.xctest */ = {isa = PBXFileReference; explicitFileType = wrapper.cfbundle; includeInIndex = 0; path = "Cat-alogueUITests.xctest"; sourceTree = BUILT_PRODUCTS_DIR; };
/* End PBXFileReference section */

/* Begin PBXFileSystemSynchronizedBuildFileExceptionSet section */
		9FB108F12E9F0DC1002D9376 /* Exceptions for "Cat-alogue" folder in "Cat-alogueTests" target */ = {
			isa = PBXFileSystemSynchronizedBuildFileExceptionSet;
			membershipExceptions = (
				Cat_alogue.xcdatamodeld,
				Core/CoreDataManager.swift,
				"Core/Extensions/NSNumber+Extension.swift",
				"Core/Extensions/String+Extension.swift",
				"Core/Extensions/URLSession+Extension.swift",
				Core/Helpers/Constants.swift,
				Core/Helpers/Coordinator/Routes.swift,
				Core/Helpers/ObserverObject.swift,
				Core/Services.swift,
				Core/Services/Endpoints/Endpoints.swift,
				Core/Services/Protocol/AppService.swift,
				Core/Services/Protocol/AppServiceProtocol.swift,
				Core/Session/Session.swift,
				Models/Breed.swift,
				Models/Cat.swift,
				Models/Weight.swift,
				Persistence.swift,
				Resources/Assets.xcassets,
				Views/Onboarding/OnboardingView.swift,
				Views/Onboarding/OnboardingViewModel.swift,
			);
			target = 9FB108CC2E9F0CEE002D9376 /* Cat-alogueTests */;
		};
/* End PBXFileSystemSynchronizedBuildFileExceptionSet section */

/* Begin PBXFileSystemSynchronizedRootGroup section */
		9FB108BC2E9F0CED002D9376 /* Cat-alogue */ = {
			isa = PBXFileSystemSynchronizedRootGroup;
			exceptions = (
				9FB108F12E9F0DC1002D9376 /* Exceptions for "Cat-alogue" folder in "Cat-alogueTests" target */,
			);
			path = "Cat-alogue";
			sourceTree = "<group>";
		};
		9FB108D02E9F0CEE002D9376 /* Cat-alogueTests */ = {
			isa = PBXFileSystemSynchronizedRootGroup;
			path = "Cat-alogueTests";
			sourceTree = "<group>";
		};
		9FB108DA2E9F0CEE002D9376 /* Cat-alogueUITests */ = {
			isa = PBXFileSystemSynchronizedRootGroup;
			path = "Cat-alogueUITests";
			sourceTree = "<group>";
		};
/* End PBXFileSystemSynchronizedRootGroup section */

/* Begin PBXFrameworksBuildPhase section */
		9FB108B72E9F0CED002D9376 /* Frameworks */ = {
			isa = PBXFrameworksBuildPhase;
			buildActionMask = 2147483647;
			files = (
			);
			runOnlyForDeploymentPostprocessing = 0;
		};
		9FB108CA2E9F0CEE002D9376 /* Frameworks */ = {
			isa = PBXFrameworksBuildPhase;
			buildActionMask = 2147483647;
			files = (
			);
			runOnlyForDeploymentPostprocessing = 0;
		};
		9FB108D42E9F0CEE002D9376 /* Frameworks */ = {
			isa = PBXFrameworksBuildPhase;
			buildActionMask = 2147483647;
			files = (
			);
			runOnlyForDeploymentPostprocessing = 0;
		};
/* End PBXFrameworksBuildPhase section */

/* Begin PBXGroup section */
		9FB108B12E9F0CED002D9376 = {
			isa = PBXGroup;
			children = (
				9FB108BC2E9F0CED002D9376 /* Cat-alogue */,
				9FB108D02E9F0CEE002D9376 /* Cat-alogueTests */,
				9FB108DA2E9F0CEE002D9376 /* Cat-alogueUITests */,
				9FB108BB2E9F0CED002D9376 /* Products */,
			);
			sourceTree = "<group>";
		};
		9FB108BB2E9F0CED002D9376 /* Products */ = {
			isa = PBXGroup;
			children = (
				9FB108BA2E9F0CED002D9376 /* Cat-alogue.app */,
				9FB108CD2E9F0CEE002D9376 /* Cat-alogueTests.xctest */,
				9FB108D72E9F0CEE002D9376 /* Cat-alogueUITests.xctest */,
			);
			name = Products;
			sourceTree = "<group>";
		};
/* End PBXGroup section */

/* Begin PBXNativeTarget section */
		9FB108B92E9F0CED002D9376 /* Cat-alogue */ = {
			isa = PBXNativeTarget;
			buildConfigurationList = 9FB108E12E9F0CEE002D9376 /* Build configuration list for PBXNativeTarget "Cat-alogue" */;
			buildPhases = (
				9FB108B62E9F0CED002D9376 /* Sources */,
				9FB108B72E9F0CED002D9376 /* Frameworks */,
				9FB108B82E9F0CED002D9376 /* Resources */,
			);
			buildRules = (
			);
			dependencies = (
			);
			fileSystemSynchronizedGroups = (
				9FB108BC2E9F0CED002D9376 /* Cat-alogue */,
			);
			name = "Cat-alogue";
			packageProductDependencies = (
			);
			productName = "Cat-alogue";
			productReference = 9FB108BA2E9F0CED002D9376 /* Cat-alogue.app */;
			productType = "com.apple.product-type.application";
		};
		9FB108CC2E9F0CEE002D9376 /* Cat-alogueTests */ = {
			isa = PBXNativeTarget;
			buildConfigurationList = 9FB108E42E9F0CEE002D9376 /* Build configuration list for PBXNativeTarget "Cat-alogueTests" */;
			buildPhases = (
				9FB108C92E9F0CEE002D9376 /* Sources */,
				9FB108CA2E9F0CEE002D9376 /* Frameworks */,
				9FB108CB2E9F0CEE002D9376 /* Resources */,
			);
			buildRules = (
			);
			dependencies = (
				9FB108CF2E9F0CEE002D9376 /* PBXTargetDependency */,
			);
			fileSystemSynchronizedGroups = (
				9FB108D02E9F0CEE002D9376 /* Cat-alogueTests */,
			);
			name = "Cat-alogueTests";
			packageProductDependencies = (
			);
			productName = "Cat-alogueTests";
			productReference = 9FB108CD2E9F0CEE002D9376 /* Cat-alogueTests.xctest */;
			productType = "com.apple.product-type.bundle.unit-test";
		};
		9FB108D62E9F0CEE002D9376 /* Cat-alogueUITests */ = {
			isa = PBXNativeTarget;
			buildConfigurationList = 9FB108E72E9F0CEE002D9376 /* Build configuration list for PBXNativeTarget "Cat-alogueUITests" */;
			buildPhases = (
				9FB108D32E9F0CEE002D9376 /* Sources */,
				9FB108D42E9F0CEE002D9376 /* Frameworks */,
				9FB108D52E9F0CEE002D9376 /* Resources */,
			);
			buildRules = (
			);
			dependencies = (
				9FB108D92E9F0CEE002D9376 /* PBXTargetDependency */,
			);
			fileSystemSynchronizedGroups = (
				9FB108DA2E9F0CEE002D9376 /* Cat-alogueUITests */,
			);
			name = "Cat-alogueUITests";
			packageProductDependencies = (
			);
			productName = "Cat-alogueUITests";
			productReference = 9FB108D72E9F0CEE002D9376 /* Cat-alogueUITests.xctest */;
			productType = "com.apple.product-type.bundle.ui-testing";
		};
/* End PBXNativeTarget section */

/* Begin PBXProject section */
		9FB108B22E9F0CED002D9376 /* Project object */ = {
			isa = PBXProject;
			attributes = {
				BuildIndependentTargetsInParallel = 1;
				LastSwiftUpdateCheck = 1640;
				LastUpgradeCheck = 1640;
				TargetAttributes = {
					9FB108B92E9F0CED002D9376 = {
						CreatedOnToolsVersion = 16.4;
					};
					9FB108CC2E9F0CEE002D9376 = {
						CreatedOnToolsVersion = 16.4;
						TestTargetID = 9FB108B92E9F0CED002D9376;
					};
					9FB108D62E9F0CEE002D9376 = {
						CreatedOnToolsVersion = 16.4;
						TestTargetID = 9FB108B92E9F0CED002D9376;
					};
				};
			};
			buildConfigurationList = 9FB108B52E9F0CED002D9376 /* Build configuration list for PBXProject "Cat-alogue" */;
			developmentRegion = en;
			hasScannedForEncodings = 0;
			knownRegions = (
				en,
				Base,
			);
			mainGroup = 9FB108B12E9F0CED002D9376;
			minimizedProjectReferenceProxies = 1;
			preferredProjectObjectVersion = 77;
			productRefGroup = 9FB108BB2E9F0CED002D9376 /* Products */;
			projectDirPath = "";
			projectRoot = "";
			targets = (
				9FB108B92E9F0CED002D9376 /* Cat-alogue */,
				9FB108CC2E9F0CEE002D9376 /* Cat-alogueTests */,
				9FB108D62E9F0CEE002D9376 /* Cat-alogueUITests */,
			);
		};
/* End PBXProject section */

/* Begin PBXResourcesBuildPhase section */
		9FB108B82E9F0CED002D9376 /* Resources */ = {
			isa = PBXResourcesBuildPhase;
			buildActionMask = 2147483647;
			files = (
			);
			runOnlyForDeploymentPostprocessing = 0;
		};
		9FB108CB2E9F0CEE002D9376 /* Resources */ = {
			isa = PBXResourcesBuildPhase;
			buildActionMask = 2147483647;
			files = (
			);
			runOnlyForDeploymentPostprocessing = 0;
		};
		9FB108D52E9F0CEE002D9376 /* Resources */ = {
			isa = PBXResourcesBuildPhase;
			buildActionMask = 2147483647;
			files = (
			);
			runOnlyForDeploymentPostprocessing = 0;
		};
/* End PBXResourcesBuildPhase section */

/* Begin PBXSourcesBuildPhase section */
		9FB108B62E9F0CED002D9376 /* Sources */ = {
			isa = PBXSourcesBuildPhase;
			buildActionMask = 2147483647;
			files = (
			);
			runOnlyForDeploymentPostprocessing = 0;
		};
		9FB108C92E9F0CEE002D9376 /* Sources */ = {
			isa = PBXSourcesBuildPhase;
			buildActionMask = 2147483647;
			files = (
			);
			runOnlyForDeploymentPostprocessing = 0;
		};
		9FB108D32E9F0CEE002D9376 /* Sources */ = {
			isa = PBXSourcesBuildPhase;
			buildActionMask = 2147483647;
			files = (
			);
			runOnlyForDeploymentPostprocessing = 0;
		};
/* End PBXSourcesBuildPhase section */

/* Begin PBXTargetDependency section */
		9FB108CF2E9F0CEE002D9376 /* PBXTargetDependency */ = {
			isa = PBXTargetDependency;
			target = 9FB108B92E9F0CED002D9376 /* Cat-alogue */;
			targetProxy = 9FB108CE2E9F0CEE002D9376 /* PBXContainerItemProxy */;
		};
		9FB108D92E9F0CEE002D9376 /* PBXTargetDependency */ = {
			isa = PBXTargetDependency;
			target = 9FB108B92E9F0CED002D9376 /* Cat-alogue */;
			targetProxy = 9FB108D82E9F0CEE002D9376 /* PBXContainerItemProxy */;
		};
/* End PBXTargetDependency section */

/* Begin XCBuildConfiguration section */
		9FB108DF2E9F0CEE002D9376 /* Debug */ = {
			isa = XCBuildConfiguration;
			buildSettings = {
				ALWAYS_SEARCH_USER_PATHS = NO;
				ASSETCATALOG_COMPILER_GENERATE_SWIFT_ASSET_SYMBOL_EXTENSIONS = YES;
				CLANG_ANALYZER_NONNULL = YES;
				CLANG_ANALYZER_NUMBER_OBJECT_CONVERSION = YES_AGGRESSIVE;
				CLANG_CXX_LANGUAGE_STANDARD = "gnu++20";
				CLANG_ENABLE_MODULES = YES;
				CLANG_ENABLE_OBJC_ARC = YES;
				CLANG_ENABLE_OBJC_WEAK = YES;
				CLANG_WARN_BLOCK_CAPTURE_AUTORELEASING = YES;
				CLANG_WARN_BOOL_CONVERSION = YES;
				CLANG_WARN_COMMA = YES;
				CLANG_WARN_CONSTANT_CONVERSION = YES;
				CLANG_WARN_DEPRECATED_OBJC_IMPLEMENTATIONS = YES;
				CLANG_WARN_DIRECT_OBJC_ISA_USAGE = YES_ERROR;
				CLANG_WARN_DOCUMENTATION_COMMENTS = YES;
				CLANG_WARN_EMPTY_BODY = YES;
				CLANG_WARN_ENUM_CONVERSION = YES;
				CLANG_WARN_INFINITE_RECURSION = YES;
				CLANG_WARN_INT_CONVERSION = YES;
				CLANG_WARN_NON_LITERAL_NULL_CONVERSION = YES;
				CLANG_WARN_OBJC_IMPLICIT_RETAIN_SELF = YES;
				CLANG_WARN_OBJC_LITERAL_CONVERSION = YES;
				CLANG_WARN_OBJC_ROOT_CLASS = YES_ERROR;
				CLANG_WARN_QUOTED_INCLUDE_IN_FRAMEWORK_HEADER = YES;
				CLANG_WARN_RANGE_LOOP_ANALYSIS = YES;
				CLANG_WARN_STRICT_PROTOTYPES = YES;
				CLANG_WARN_SUSPICIOUS_MOVE = YES;
				CLANG_WARN_UNGUARDED_AVAILABILITY = YES_AGGRESSIVE;
				CLANG_WARN_UNREACHABLE_CODE = YES;
				CLANG_WARN__DUPLICATE_METHOD_MATCH = YES;
				COPY_PHASE_STRIP = NO;
				DEBUG_INFORMATION_FORMAT = dwarf;
				ENABLE_STRICT_OBJC_MSGSEND = YES;
				ENABLE_TESTABILITY = YES;
				ENABLE_USER_SCRIPT_SANDBOXING = YES;
				GCC_C_LANGUAGE_STANDARD = gnu17;
				GCC_DYNAMIC_NO_PIC = NO;
				GCC_NO_COMMON_BLOCKS = YES;
				GCC_OPTIMIZATION_LEVEL = 0;
				GCC_PREPROCESSOR_DEFINITIONS = (
					"DEBUG=1",
					"$(inherited)",
				);
				GCC_WARN_64_TO_32_BIT_CONVERSION = YES;
				GCC_WARN_ABOUT_RETURN_TYPE = YES_ERROR;
				GCC_WARN_UNDECLARED_SELECTOR = YES;
				GCC_WARN_UNINITIALIZED_AUTOS = YES_AGGRESSIVE;
				GCC_WARN_UNUSED_FUNCTION = YES;
				GCC_WARN_UNUSED_VARIABLE = YES;
				LOCALIZATION_PREFERS_STRING_CATALOGS = YES;
				MTL_ENABLE_DEBUG_INFO = INCLUDE_SOURCE;
				MTL_FAST_MATH = YES;
				ONLY_ACTIVE_ARCH = YES;
				SWIFT_ACTIVE_COMPILATION_CONDITIONS = "DEBUG $(inherited)";
				SWIFT_OPTIMIZATION_LEVEL = "-Onone";
			};
			name = Debug;
		};
		9FB108E02E9F0CEE002D9376 /* Release */ = {
			isa = XCBuildConfiguration;
			buildSettings = {
				ALWAYS_SEARCH_USER_PATHS = NO;
				ASSETCATALOG_COMPILER_GENERATE_SWIFT_ASSET_SYMBOL_EXTENSIONS = YES;
				CLANG_ANALYZER_NONNULL = YES;
				CLANG_ANALYZER_NUMBER_OBJECT_CONVERSION = YES_AGGRESSIVE;
				CLANG_CXX_LANGUAGE_STANDARD = "gnu++20";
				CLANG_ENABLE_MODULES = YES;
				CLANG_ENABLE_OBJC_ARC = YES;
				CLANG_ENABLE_OBJC_WEAK = YES;
				CLANG_WARN_BLOCK_CAPTURE_AUTORELEASING = YES;
				CLANG_WARN_BOOL_CONVERSION = YES;
				CLANG_WARN_COMMA = YES;
				CLANG_WARN_CONSTANT_CONVERSION = YES;
				CLANG_WARN_DEPRECATED_OBJC_IMPLEMENTATIONS = YES;
				CLANG_WARN_DIRECT_OBJC_ISA_USAGE = YES_ERROR;
				CLANG_WARN_DOCUMENTATION_COMMENTS = YES;
				CLANG_WARN_EMPTY_BODY = YES;
				CLANG_WARN_ENUM_CONVERSION = YES;
				CLANG_WARN_INFINITE_RECURSION = YES;
				CLANG_WARN_INT_CONVERSION = YES;
				CLANG_WARN_NON_LITERAL_NULL_CONVERSION = YES;
				CLANG_WARN_OBJC_IMPLICIT_RETAIN_SELF = YES;
				CLANG_WARN_OBJC_LITERAL_CONVERSION = YES;
				CLANG_WARN_OBJC_ROOT_CLASS = YES_ERROR;
				CLANG_WARN_QUOTED_INCLUDE_IN_FRAMEWORK_HEADER = YES;
				CLANG_WARN_RANGE_LOOP_ANALYSIS = YES;
				CLANG_WARN_STRICT_PROTOTYPES = YES;
				CLANG_WARN_SUSPICIOUS_MOVE = YES;
				CLANG_WARN_UNGUARDED_AVAILABILITY = YES_AGGRESSIVE;
				CLANG_WARN_UNREACHABLE_CODE = YES;
				CLANG_WARN__DUPLICATE_METHOD_MATCH = YES;
				COPY_PHASE_STRIP = NO;
				DEBUG_INFORMATION_FORMAT = "dwarf-with-dsym";
				ENABLE_NS_ASSERTIONS = NO;
				ENABLE_STRICT_OBJC_MSGSEND = YES;
				ENABLE_USER_SCRIPT_SANDBOXING = YES;
				GCC_C_LANGUAGE_STANDARD = gnu17;
				GCC_NO_COMMON_BLOCKS = YES;
				GCC_WARN_64_TO_32_BIT_CONVERSION = YES;
				GCC_WARN_ABOUT_RETURN_TYPE = YES_ERROR;
				GCC_WARN_UNDECLARED_SELECTOR = YES;
				GCC_WARN_UNINITIALIZED_AUTOS = YES_AGGRESSIVE;
				GCC_WARN_UNUSED_FUNCTION = YES;
				GCC_WARN_UNUSED_VARIABLE = YES;
				LOCALIZATION_PREFERS_STRING_CATALOGS = YES;
				MTL_ENABLE_DEBUG_INFO = NO;
				MTL_FAST_MATH = YES;
				SWIFT_COMPILATION_MODE = wholemodule;
			};
			name = Release;
		};
		9FB108E22E9F0CEE002D9376 /* Debug */ = {
			isa = XCBuildConfiguration;
			buildSettings = {
				ASSETCATALOG_COMPILER_APPICON_NAME = AppIcon;
				ASSETCATALOG_COMPILER_GLOBAL_ACCENT_COLOR_NAME = AccentColor;
				CODE_SIGN_ENTITLEMENTS = "Cat-alogue/Cat_alogue.entitlements";
				CODE_SIGN_STYLE = Automatic;
				CURRENT_PROJECT_VERSION = 1;
				ENABLE_PREVIEWS = YES;
				GENERATE_INFOPLIST_FILE = YES;
				"INFOPLIST_KEY_UIApplicationSceneManifest_Generation[sdk=iphoneos*]" = YES;
				"INFOPLIST_KEY_UIApplicationSceneManifest_Generation[sdk=iphonesimulator*]" = YES;
				"INFOPLIST_KEY_UIApplicationSupportsIndirectInputEvents[sdk=iphoneos*]" = YES;
				"INFOPLIST_KEY_UIApplicationSupportsIndirectInputEvents[sdk=iphonesimulator*]" = YES;
				"INFOPLIST_KEY_UILaunchScreen_Generation[sdk=iphoneos*]" = YES;
				"INFOPLIST_KEY_UILaunchScreen_Generation[sdk=iphonesimulator*]" = YES;
				INFOPLIST_KEY_UILaunchStoryboardName = "Launch Screen";
				"INFOPLIST_KEY_UIStatusBarStyle[sdk=iphoneos*]" = UIStatusBarStyleDefault;
				"INFOPLIST_KEY_UIStatusBarStyle[sdk=iphonesimulator*]" = UIStatusBarStyleDefault;
				INFOPLIST_KEY_UISupportedInterfaceOrientations_iPad = "UIInterfaceOrientationPortrait UIInterfaceOrientationPortraitUpsideDown UIInterfaceOrientationLandscapeLeft UIInterfaceOrientationLandscapeRight";
				INFOPLIST_KEY_UISupportedInterfaceOrientations_iPhone = "UIInterfaceOrientationPortrait UIInterfaceOrientationLandscapeLeft UIInterfaceOrientationLandscapeRight";
				IPHONEOS_DEPLOYMENT_TARGET = 18.5;
				LD_RUNPATH_SEARCH_PATHS = "@executable_path/Frameworks";
				"LD_RUNPATH_SEARCH_PATHS[sdk=macosx*]" = "@executable_path/../Frameworks";
				MACOSX_DEPLOYMENT_TARGET = 15.3;
				MARKETING_VERSION = 1.0;
				PRODUCT_BUNDLE_IDENTIFIER = "com.catalogue.app.Cat-alogue";
				PRODUCT_NAME = "$(TARGET_NAME)";
				REGISTER_APP_GROUPS = YES;
				SDKROOT = auto;
				SUPPORTED_PLATFORMS = "iphoneos iphonesimulator macosx xros xrsimulator";
				SWIFT_EMIT_LOC_STRINGS = YES;
				SWIFT_VERSION = 5.0;
				TARGETED_DEVICE_FAMILY = "1,2,7";
				XROS_DEPLOYMENT_TARGET = 2.5;
			};
			name = Debug;
		};
		9FB108E32E9F0CEE002D9376 /* Release */ = {
			isa = XCBuildConfiguration;
			buildSettings = {
				ASSETCATALOG_COMPILER_APPICON_NAME = AppIcon;
				ASSETCATALOG_COMPILER_GLOBAL_ACCENT_COLOR_NAME = AccentColor;
				CODE_SIGN_ENTITLEMENTS = "Cat-alogue/Cat_alogue.entitlements";
				CODE_SIGN_STYLE = Automatic;
				CURRENT_PROJECT_VERSION = 1;
				ENABLE_PREVIEWS = YES;
				GENERATE_INFOPLIST_FILE = YES;
				"INFOPLIST_KEY_UIApplicationSceneManifest_Generation[sdk=iphoneos*]" = YES;
				"INFOPLIST_KEY_UIApplicationSceneManifest_Generation[sdk=iphonesimulator*]" = YES;
				"INFOPLIST_KEY_UIApplicationSupportsIndirectInputEvents[sdk=iphoneos*]" = YES;
				"INFOPLIST_KEY_UIApplicationSupportsIndirectInputEvents[sdk=iphonesimulator*]" = YES;
				"INFOPLIST_KEY_UILaunchScreen_Generation[sdk=iphoneos*]" = YES;
				"INFOPLIST_KEY_UILaunchScreen_Generation[sdk=iphonesimulator*]" = YES;
				INFOPLIST_KEY_UILaunchStoryboardName = "Launch Screen";
				"INFOPLIST_KEY_UIStatusBarStyle[sdk=iphoneos*]" = UIStatusBarStyleDefault;
				"INFOPLIST_KEY_UIStatusBarStyle[sdk=iphonesimulator*]" = UIStatusBarStyleDefault;
				INFOPLIST_KEY_UISupportedInterfaceOrientations_iPad = "UIInterfaceOrientationPortrait UIInterfaceOrientationPortraitUpsideDown UIInterfaceOrientationLandscapeLeft UIInterfaceOrientationLandscapeRight";
				INFOPLIST_KEY_UISupportedInterfaceOrientations_iPhone = "UIInterfaceOrientationPortrait UIInterfaceOrientationLandscapeLeft UIInterfaceOrientationLandscapeRight";
				IPHONEOS_DEPLOYMENT_TARGET = 18.5;
				LD_RUNPATH_SEARCH_PATHS = "@executable_path/Frameworks";
				"LD_RUNPATH_SEARCH_PATHS[sdk=macosx*]" = "@executable_path/../Frameworks";
				MACOSX_DEPLOYMENT_TARGET = 15.3;
				MARKETING_VERSION = 1.0;
				PRODUCT_BUNDLE_IDENTIFIER = "com.catalogue.app.Cat-alogue";
				PRODUCT_NAME = "$(TARGET_NAME)";
				REGISTER_APP_GROUPS = YES;
				SDKROOT = auto;
				SUPPORTED_PLATFORMS = "iphoneos iphonesimulator macosx xros xrsimulator";
				SWIFT_EMIT_LOC_STRINGS = YES;
				SWIFT_VERSION = 5.0;
				TARGETED_DEVICE_FAMILY = "1,2,7";
				XROS_DEPLOYMENT_TARGET = 2.5;
			};
			name = Release;
		};
		9FB108E52E9F0CEE002D9376 /* Debug */ = {
			isa = XCBuildConfiguration;
			buildSettings = {
				BUNDLE_LOADER = "$(TEST_HOST)";
				CODE_SIGN_STYLE = Automatic;
				CURRENT_PROJECT_VERSION = 1;
				GENERATE_INFOPLIST_FILE = YES;
				IPHONEOS_DEPLOYMENT_TARGET = 18.5;
				MACOSX_DEPLOYMENT_TARGET = 15.3;
				MARKETING_VERSION = 1.0;
				PRODUCT_BUNDLE_IDENTIFIER = "com.catalogue.app.Cat-alogueTests";
				PRODUCT_NAME = "$(TARGET_NAME)";
				SDKROOT = auto;
				SUPPORTED_PLATFORMS = "iphoneos iphonesimulator macosx xros xrsimulator";
				SWIFT_EMIT_LOC_STRINGS = NO;
				SWIFT_VERSION = 5.0;
				TARGETED_DEVICE_FAMILY = "1,2,7";
				TEST_HOST = "$(BUILT_PRODUCTS_DIR)/Cat-alogue.app/$(BUNDLE_EXECUTABLE_FOLDER_PATH)/Cat-alogue";
				XROS_DEPLOYMENT_TARGET = 2.5;
			};
			name = Debug;
		};
		9FB108E62E9F0CEE002D9376 /* Release */ = {
			isa = XCBuildConfiguration;
			buildSettings = {
				BUNDLE_LOADER = "$(TEST_HOST)";
				CODE_SIGN_STYLE = Automatic;
				CURRENT_PROJECT_VERSION = 1;
				GENERATE_INFOPLIST_FILE = YES;
				IPHONEOS_DEPLOYMENT_TARGET = 18.5;
				MACOSX_DEPLOYMENT_TARGET = 15.3;
				MARKETING_VERSION = 1.0;
				PRODUCT_BUNDLE_IDENTIFIER = "com.catalogue.app.Cat-alogueTests";
				PRODUCT_NAME = "$(TARGET_NAME)";
				SDKROOT = auto;
				SUPPORTED_PLATFORMS = "iphoneos iphonesimulator macosx xros xrsimulator";
				SWIFT_EMIT_LOC_STRINGS = NO;
				SWIFT_VERSION = 5.0;
				TARGETED_DEVICE_FAMILY = "1,2,7";
				TEST_HOST = "$(BUILT_PRODUCTS_DIR)/Cat-alogue.app/$(BUNDLE_EXECUTABLE_FOLDER_PATH)/Cat-alogue";
				XROS_DEPLOYMENT_TARGET = 2.5;
			};
			name = Release;
		};
		9FB108E82E9F0CEE002D9376 /* Debug */ = {
			isa = XCBuildConfiguration;
			buildSettings = {
				CODE_SIGN_STYLE = Automatic;
				CURRENT_PROJECT_VERSION = 1;
				GENERATE_INFOPLIST_FILE = YES;
				IPHONEOS_DEPLOYMENT_TARGET = 18.5;
				MACOSX_DEPLOYMENT_TARGET = 15.3;
				MARKETING_VERSION = 1.0;
				PRODUCT_BUNDLE_IDENTIFIER = "com.catalogue.app.Cat-alogueUITests";
				PRODUCT_NAME = "$(TARGET_NAME)";
				SDKROOT = auto;
				SUPPORTED_PLATFORMS = "iphoneos iphonesimulator macosx xros xrsimulator";
				SWIFT_EMIT_LOC_STRINGS = NO;
				SWIFT_VERSION = 5.0;
				TARGETED_DEVICE_FAMILY = "1,2,7";
				TEST_TARGET_NAME = "Cat-alogue";
				XROS_DEPLOYMENT_TARGET = 2.5;
			};
			name = Debug;
		};
		9FB108E92E9F0CEE002D9376 /* Release */ = {
			isa = XCBuildConfiguration;
			buildSettings = {
				CODE_SIGN_STYLE = Automatic;
				CURRENT_PROJECT_VERSION = 1;
				GENERATE_INFOPLIST_FILE = YES;
				IPHONEOS_DEPLOYMENT_TARGET = 18.5;
				MACOSX_DEPLOYMENT_TARGET = 15.3;
				MARKETING_VERSION = 1.0;
				PRODUCT_BUNDLE_IDENTIFIER = "com.catalogue.app.Cat-alogueUITests";
				PRODUCT_NAME = "$(TARGET_NAME)";
				SDKROOT = auto;
				SUPPORTED_PLATFORMS = "iphoneos iphonesimulator macosx xros xrsimulator";
				SWIFT_EMIT_LOC_STRINGS = NO;
				SWIFT_VERSION = 5.0;
				TARGETED_DEVICE_FAMILY = "1,2,7";
				TEST_TARGET_NAME = "Cat-alogue";
				XROS_DEPLOYMENT_TARGET = 2.5;
			};
			name = Release;
		};
/* End XCBuildConfiguration section */

/* Begin XCConfigurationList section */
		9FB108B52E9F0CED002D9376 /* Build configuration list for PBXProject "Cat-alogue" */ = {
			isa = XCConfigurationList;
			buildConfigurations = (
				9FB108DF2E9F0CEE002D9376 /* Debug */,
				9FB108E02E9F0CEE002D9376 /* Release */,
			);
			defaultConfigurationIsVisible = 0;
			defaultConfigurationName = Release;
		};
		9FB108E12E9F0CEE002D9376 /* Build configuration list for PBXNativeTarget "Cat-alogue" */ = {
			isa = XCConfigurationList;
			buildConfigurations = (
				9FB108E22E9F0CEE002D9376 /* Debug */,
				9FB108E32E9F0CEE002D9376 /* Release */,
			);
			defaultConfigurationIsVisible = 0;
			defaultConfigurationName = Release;
		};
		9FB108E42E9F0CEE002D9376 /* Build configuration list for PBXNativeTarget "Cat-alogueTests" */ = {
			isa = XCConfigurationList;
			buildConfigurations = (
				9FB108E52E9F0CEE002D9376 /* Debug */,
				9FB108E62E9F0CEE002D9376 /* Release */,
			);
			defaultConfigurationIsVisible = 0;
			defaultConfigurationName = Release;
		};
		9FB108E72E9F0CEE002D9376 /* Build configuration list for PBXNativeTarget "Cat-alogueUITests" */ = {
			isa = XCConfigurationList;
			buildConfigurations = (
				9FB108E82E9F0CEE002D9376 /* Debug */,
				9FB108E92E9F0CEE002D9376 /* Release */,
			);
			defaultConfigurationIsVisible = 0;
			defaultConfigurationName = Release;
		};
/* End XCConfigurationList section */
	};
	rootObject = 9FB108B22E9F0CED002D9376 /* Project object */;
}
